// !$*UTF8*$!
{
	archiveVersion = 1;
	classes = {
	};
	objectVersion = 51;
	objects = {

/* Begin PBXBuildFile section */
		0613D7B9245010C800B5EB36 /* ExercisePopoverViewController.swift in Sources */ = {isa = PBXBuildFile; fileRef = 0613D7B8245010C800B5EB36 /* ExercisePopoverViewController.swift */; };
		0613D7BD245191F100B5EB36 /* LoadController.swift in Sources */ = {isa = PBXBuildFile; fileRef = 0613D7BC245191F100B5EB36 /* LoadController.swift */; };
		062AA67C24483A3F005A2EBF /* DrinkPopoverViewController.swift in Sources */ = {isa = PBXBuildFile; fileRef = 062AA67B24483A3F005A2EBF /* DrinkPopoverViewController.swift */; };
		062AA68324485DF7005A2EBF /* Main.storyboard in Resources */ = {isa = PBXBuildFile; fileRef = 062AA68224485DF7005A2EBF /* Main.storyboard */; };
		062AA68524487883005A2EBF /* WaterPopoverViewController.swift in Sources */ = {isa = PBXBuildFile; fileRef = 062AA68424487882005A2EBF /* WaterPopoverViewController.swift */; };
		062FFEE92449532B0054A833 /* HelperController.swift in Sources */ = {isa = PBXBuildFile; fileRef = 062FFEE82449532B0054A833 /* HelperController.swift */; };
		0646DE34246142A4008665C1 /* FetchNearbyController.swift in Sources */ = {isa = PBXBuildFile; fileRef = 0646DE33246142A4008665C1 /* FetchNearbyController.swift */; };
		0646DE36246146B6008665C1 /* Location.swift in Sources */ = {isa = PBXBuildFile; fileRef = 0646DE35246146B6008665C1 /* Location.swift */; };
		5200A91F243C611800E1602F /* LoginViewController.swift in Sources */ = {isa = PBXBuildFile; fileRef = 5200A91E243C611800E1602F /* LoginViewController.swift */; };
		5200A921243C612D00E1602F /* RegisterViewController.swift in Sources */ = {isa = PBXBuildFile; fileRef = 5200A920243C612D00E1602F /* RegisterViewController.swift */; };
		528B309A2451C4160003D6D5 /* bear.gif in Resources */ = {isa = PBXBuildFile; fileRef = 528B30992451C4160003D6D5 /* bear.gif */; };
		528B309C2451C50D0003D6D5 /* GIFController.swift in Sources */ = {isa = PBXBuildFile; fileRef = 528B309B2451C50D0003D6D5 /* GIFController.swift */; };
		528B30A02451E0F90003D6D5 /* CheckAuthViewController.swift in Sources */ = {isa = PBXBuildFile; fileRef = 528B309F2451E0F90003D6D5 /* CheckAuthViewController.swift */; };
		52B306D8245B0DBA005B38C6 /* Untitled_Artwork.png in Resources */ = {isa = PBXBuildFile; fileRef = 52B306D7245B0DBA005B38C6 /* Untitled_Artwork.png */; };
		52FD9319242DDA7A00287167 /* AppDelegate.swift in Sources */ = {isa = PBXBuildFile; fileRef = 52FD9318242DDA7A00287167 /* AppDelegate.swift */; };
		52FD931B242DDA7A00287167 /* SceneDelegate.swift in Sources */ = {isa = PBXBuildFile; fileRef = 52FD931A242DDA7A00287167 /* SceneDelegate.swift */; };
		52FD9322242DDA7C00287167 /* Assets.xcassets in Resources */ = {isa = PBXBuildFile; fileRef = 52FD9321242DDA7C00287167 /* Assets.xcassets */; };
		52FD9325242DDA7C00287167 /* LaunchScreen.storyboard in Resources */ = {isa = PBXBuildFile; fileRef = 52FD9323242DDA7C00287167 /* LaunchScreen.storyboard */; };
		52FD9331242DDB4300287167 /* HomeViewController.swift in Sources */ = {isa = PBXBuildFile; fileRef = 52FD9330242DDB4300287167 /* HomeViewController.swift */; };
		52FD9333242DDBD700287167 /* EvaluationTableViewController.swift in Sources */ = {isa = PBXBuildFile; fileRef = 52FD9332242DDBD700287167 /* EvaluationTableViewController.swift */; };
		52FD9335242DDC7200287167 /* EvaluationDetailViewController.swift in Sources */ = {isa = PBXBuildFile; fileRef = 52FD9334242DDC7200287167 /* EvaluationDetailViewController.swift */; };
		52FD9337242DDCC200287167 /* UserTableViewController.swift in Sources */ = {isa = PBXBuildFile; fileRef = 52FD9336242DDCC200287167 /* UserTableViewController.swift */; };
		52FD9339242DDD6800287167 /* BodyIndex.swift in Sources */ = {isa = PBXBuildFile; fileRef = 52FD9338242DDD6800287167 /* BodyIndex.swift */; };
		52FD933B242DDD8A00287167 /* User.swift in Sources */ = {isa = PBXBuildFile; fileRef = 52FD933A242DDD8A00287167 /* User.swift */; };
		52FD933D242DDDE200287167 /* HealthKitAuthorization.swift in Sources */ = {isa = PBXBuildFile; fileRef = 52FD933C242DDDE200287167 /* HealthKitAuthorization.swift */; };
		52FD933F242DDE2700287167 /* UserController.swift in Sources */ = {isa = PBXBuildFile; fileRef = 52FD933E242DDE2700287167 /* UserController.swift */; };
		52FD9341242DDE5700287167 /* NetworkController.swift in Sources */ = {isa = PBXBuildFile; fileRef = 52FD9340242DDE5700287167 /* NetworkController.swift */; };
		52FD9345242DE97500287167 /* HealthKit.framework in Frameworks */ = {isa = PBXBuildFile; fileRef = 52FD9344242DE97500287167 /* HealthKit.framework */; };
		C8DB4F61F63148CA6BD55BE9 /* Pods_GanKong.framework in Frameworks */ = {isa = PBXBuildFile; fileRef = E79B5823CE67DBAA062B27F2 /* Pods_GanKong.framework */; };
/* End PBXBuildFile section */

/* Begin PBXFileReference section */
		0613D7B8245010C800B5EB36 /* ExercisePopoverViewController.swift */ = {isa = PBXFileReference; lastKnownFileType = sourcecode.swift; path = ExercisePopoverViewController.swift; sourceTree = "<group>"; };
		0613D7BC245191F100B5EB36 /* LoadController.swift */ = {isa = PBXFileReference; lastKnownFileType = sourcecode.swift; path = LoadController.swift; sourceTree = "<group>"; };
		062AA67B24483A3F005A2EBF /* DrinkPopoverViewController.swift */ = {isa = PBXFileReference; lastKnownFileType = sourcecode.swift; path = DrinkPopoverViewController.swift; sourceTree = "<group>"; };
		062AA68224485DF7005A2EBF /* Main.storyboard */ = {isa = PBXFileReference; fileEncoding = 4; lastKnownFileType = file.storyboard; path = Main.storyboard; sourceTree = "<group>"; };
		062AA68424487882005A2EBF /* WaterPopoverViewController.swift */ = {isa = PBXFileReference; lastKnownFileType = sourcecode.swift; path = WaterPopoverViewController.swift; sourceTree = "<group>"; };
		062FFEE82449532B0054A833 /* HelperController.swift */ = {isa = PBXFileReference; lastKnownFileType = sourcecode.swift; path = HelperController.swift; sourceTree = "<group>"; };
		0646DE33246142A4008665C1 /* FetchNearbyController.swift */ = {isa = PBXFileReference; lastKnownFileType = sourcecode.swift; path = FetchNearbyController.swift; sourceTree = "<group>"; };
		0646DE35246146B6008665C1 /* Location.swift */ = {isa = PBXFileReference; lastKnownFileType = sourcecode.swift; path = Location.swift; sourceTree = "<group>"; };
		5200A91E243C611800E1602F /* LoginViewController.swift */ = {isa = PBXFileReference; lastKnownFileType = sourcecode.swift; path = LoginViewController.swift; sourceTree = "<group>"; };
		5200A920243C612D00E1602F /* RegisterViewController.swift */ = {isa = PBXFileReference; lastKnownFileType = sourcecode.swift; path = RegisterViewController.swift; sourceTree = "<group>"; };
		528B30992451C4160003D6D5 /* bear.gif */ = {isa = PBXFileReference; lastKnownFileType = image.gif; path = bear.gif; sourceTree = "<group>"; };
		528B309B2451C50D0003D6D5 /* GIFController.swift */ = {isa = PBXFileReference; lastKnownFileType = sourcecode.swift; path = GIFController.swift; sourceTree = "<group>"; };
		528B309F2451E0F90003D6D5 /* CheckAuthViewController.swift */ = {isa = PBXFileReference; lastKnownFileType = sourcecode.swift; path = CheckAuthViewController.swift; sourceTree = "<group>"; };
		52B306D7245B0DBA005B38C6 /* Untitled_Artwork.png */ = {isa = PBXFileReference; lastKnownFileType = image.png; path = Untitled_Artwork.png; sourceTree = "<group>"; };
		52FD9315242DDA7A00287167 /* GanKong.app */ = {isa = PBXFileReference; explicitFileType = wrapper.application; includeInIndex = 0; path = GanKong.app; sourceTree = BUILT_PRODUCTS_DIR; };
		52FD9318242DDA7A00287167 /* AppDelegate.swift */ = {isa = PBXFileReference; lastKnownFileType = sourcecode.swift; path = AppDelegate.swift; sourceTree = "<group>"; };
		52FD931A242DDA7A00287167 /* SceneDelegate.swift */ = {isa = PBXFileReference; lastKnownFileType = sourcecode.swift; path = SceneDelegate.swift; sourceTree = "<group>"; };
		52FD9321242DDA7C00287167 /* Assets.xcassets */ = {isa = PBXFileReference; lastKnownFileType = folder.assetcatalog; path = Assets.xcassets; sourceTree = "<group>"; };
		52FD9324242DDA7C00287167 /* Base */ = {isa = PBXFileReference; lastKnownFileType = file.storyboard; name = Base; path = Base.lproj/LaunchScreen.storyboard; sourceTree = "<group>"; };
		52FD9326242DDA7C00287167 /* Info.plist */ = {isa = PBXFileReference; lastKnownFileType = text.plist.xml; path = Info.plist; sourceTree = "<group>"; };
		52FD9330242DDB4300287167 /* HomeViewController.swift */ = {isa = PBXFileReference; lastKnownFileType = sourcecode.swift; path = HomeViewController.swift; sourceTree = "<group>"; };
		52FD9332242DDBD700287167 /* EvaluationTableViewController.swift */ = {isa = PBXFileReference; lastKnownFileType = sourcecode.swift; path = EvaluationTableViewController.swift; sourceTree = "<group>"; };
		52FD9334242DDC7200287167 /* EvaluationDetailViewController.swift */ = {isa = PBXFileReference; lastKnownFileType = sourcecode.swift; path = EvaluationDetailViewController.swift; sourceTree = "<group>"; };
		52FD9336242DDCC200287167 /* UserTableViewController.swift */ = {isa = PBXFileReference; lastKnownFileType = sourcecode.swift; path = UserTableViewController.swift; sourceTree = "<group>"; };
		52FD9338242DDD6800287167 /* BodyIndex.swift */ = {isa = PBXFileReference; lastKnownFileType = sourcecode.swift; path = BodyIndex.swift; sourceTree = "<group>"; };
		52FD933A242DDD8A00287167 /* User.swift */ = {isa = PBXFileReference; lastKnownFileType = sourcecode.swift; path = User.swift; sourceTree = "<group>"; };
		52FD933C242DDDE200287167 /* HealthKitAuthorization.swift */ = {isa = PBXFileReference; lastKnownFileType = sourcecode.swift; path = HealthKitAuthorization.swift; sourceTree = "<group>"; };
		52FD933E242DDE2700287167 /* UserController.swift */ = {isa = PBXFileReference; lastKnownFileType = sourcecode.swift; path = UserController.swift; sourceTree = "<group>"; };
		52FD9340242DDE5700287167 /* NetworkController.swift */ = {isa = PBXFileReference; lastKnownFileType = sourcecode.swift; path = NetworkController.swift; sourceTree = "<group>"; };
		52FD9342242DE97500287167 /* GanKong.entitlements */ = {isa = PBXFileReference; lastKnownFileType = text.plist.entitlements; path = GanKong.entitlements; sourceTree = "<group>"; };
		52FD9344242DE97500287167 /* HealthKit.framework */ = {isa = PBXFileReference; lastKnownFileType = wrapper.framework; name = HealthKit.framework; path = System/Library/Frameworks/HealthKit.framework; sourceTree = SDKROOT; };
		76B4B8DA607E26A17CAFD86A /* Pods-GanKong.debug.xcconfig */ = {isa = PBXFileReference; includeInIndex = 1; lastKnownFileType = text.xcconfig; name = "Pods-GanKong.debug.xcconfig"; path = "Target Support Files/Pods-GanKong/Pods-GanKong.debug.xcconfig"; sourceTree = "<group>"; };
		CA233266746E99E3FADCC7B8 /* Pods-GanKong.release.xcconfig */ = {isa = PBXFileReference; includeInIndex = 1; lastKnownFileType = text.xcconfig; name = "Pods-GanKong.release.xcconfig"; path = "Target Support Files/Pods-GanKong/Pods-GanKong.release.xcconfig"; sourceTree = "<group>"; };
		E79B5823CE67DBAA062B27F2 /* Pods_GanKong.framework */ = {isa = PBXFileReference; explicitFileType = wrapper.framework; includeInIndex = 0; path = Pods_GanKong.framework; sourceTree = BUILT_PRODUCTS_DIR; };
/* End PBXFileReference section */

/* Begin PBXFrameworksBuildPhase section */
		52FD9312242DDA7A00287167 /* Frameworks */ = {
			isa = PBXFrameworksBuildPhase;
			buildActionMask = 2147483647;
			files = (
				52FD9345242DE97500287167 /* HealthKit.framework in Frameworks */,
				C8DB4F61F63148CA6BD55BE9 /* Pods_GanKong.framework in Frameworks */,
			);
			runOnlyForDeploymentPostprocessing = 0;
		};
/* End PBXFrameworksBuildPhase section */

/* Begin PBXGroup section */
		3DA97DF0EFC9EC9A337A906A /* Pods */ = {
			isa = PBXGroup;
			children = (
				76B4B8DA607E26A17CAFD86A /* Pods-GanKong.debug.xcconfig */,
				CA233266746E99E3FADCC7B8 /* Pods-GanKong.release.xcconfig */,
			);
			path = Pods;
			sourceTree = "<group>";
		};
		52FD930C242DDA7A00287167 = {
			isa = PBXGroup;
			children = (
				52FD9317242DDA7A00287167 /* GanKong */,
				52FD9316242DDA7A00287167 /* Products */,
				528B30992451C4160003D6D5 /* bear.gif */,
				52B306D7245B0DBA005B38C6 /* Untitled_Artwork.png */,
				52FD9343242DE97500287167 /* Frameworks */,
				3DA97DF0EFC9EC9A337A906A /* Pods */,
			);
			sourceTree = "<group>";
		};
		52FD9316242DDA7A00287167 /* Products */ = {
			isa = PBXGroup;
			children = (
				52FD9315242DDA7A00287167 /* GanKong.app */,
			);
			name = Products;
			sourceTree = "<group>";
		};
		52FD9317242DDA7A00287167 /* GanKong */ = {
			isa = PBXGroup;
			children = (
				52FD9342242DE97500287167 /* GanKong.entitlements */,
				52FD932F242DDAF100287167 /* Other Controllers */,
				52FD932E242DDAE600287167 /* Models */,
				52FD932D242DDADD00287167 /* Views */,
				52FD932C242DDACE00287167 /* View Controllers */,
				52FD9318242DDA7A00287167 /* AppDelegate.swift */,
				52FD931A242DDA7A00287167 /* SceneDelegate.swift */,
				062AA68224485DF7005A2EBF /* Main.storyboard */,
				52FD9323242DDA7C00287167 /* LaunchScreen.storyboard */,
				52FD9326242DDA7C00287167 /* Info.plist */,
				52FD9321242DDA7C00287167 /* Assets.xcassets */,
			);
			path = GanKong;
			sourceTree = "<group>";
		};
		52FD932C242DDACE00287167 /* View Controllers */ = {
			isa = PBXGroup;
			children = (
				52FD9330242DDB4300287167 /* HomeViewController.swift */,
				52FD9332242DDBD700287167 /* EvaluationTableViewController.swift */,
				52FD9334242DDC7200287167 /* EvaluationDetailViewController.swift */,
				52FD9336242DDCC200287167 /* UserTableViewController.swift */,
				5200A91E243C611800E1602F /* LoginViewController.swift */,
				5200A920243C612D00E1602F /* RegisterViewController.swift */,
				062AA67B24483A3F005A2EBF /* DrinkPopoverViewController.swift */,
				062AA68424487882005A2EBF /* WaterPopoverViewController.swift */,
				0613D7B8245010C800B5EB36 /* ExercisePopoverViewController.swift */,
				528B309F2451E0F90003D6D5 /* CheckAuthViewController.swift */,
			);
			path = "View Controllers";
			sourceTree = "<group>";
		};
		52FD932D242DDADD00287167 /* Views */ = {
			isa = PBXGroup;
			children = (
			);
			path = Views;
			sourceTree = "<group>";
		};
		52FD932E242DDAE600287167 /* Models */ = {
			isa = PBXGroup;
			children = (
				52FD9338242DDD6800287167 /* BodyIndex.swift */,
				52FD933A242DDD8A00287167 /* User.swift */,
				52FD933C242DDDE200287167 /* HealthKitAuthorization.swift */,
				0646DE35246146B6008665C1 /* Location.swift */,
			);
			path = Models;
			sourceTree = "<group>";
		};
		52FD932F242DDAF100287167 /* Other Controllers */ = {
			isa = PBXGroup;
			children = (
				52FD933E242DDE2700287167 /* UserController.swift */,
				52FD9340242DDE5700287167 /* NetworkController.swift */,
				062FFEE82449532B0054A833 /* HelperController.swift */,
				0613D7BC245191F100B5EB36 /* LoadController.swift */,
				528B309B2451C50D0003D6D5 /* GIFController.swift */,
				0646DE33246142A4008665C1 /* FetchNearbyController.swift */,
			);
			path = "Other Controllers";
			sourceTree = "<group>";
		};
		52FD9343242DE97500287167 /* Frameworks */ = {
			isa = PBXGroup;
			children = (
				52FD9344242DE97500287167 /* HealthKit.framework */,
				E79B5823CE67DBAA062B27F2 /* Pods_GanKong.framework */,
			);
			name = Frameworks;
			sourceTree = "<group>";
		};
/* End PBXGroup section */

/* Begin PBXNativeTarget section */
		52FD9314242DDA7A00287167 /* GanKong */ = {
			isa = PBXNativeTarget;
			buildConfigurationList = 52FD9329242DDA7C00287167 /* Build configuration list for PBXNativeTarget "GanKong" */;
			buildPhases = (
				11E5ED45092EEC8C698752B6 /* [CP] Check Pods Manifest.lock */,
				52FD9311242DDA7A00287167 /* Sources */,
				52FD9312242DDA7A00287167 /* Frameworks */,
				52FD9313242DDA7A00287167 /* Resources */,
				DFC7D117759098E62571EFA3 /* [CP] Copy Pods Resources */,
				573F27256D8381750765DD12 /* [CP] Embed Pods Frameworks */,
			);
			buildRules = (
			);
			dependencies = (
			);
			name = GanKong;
			productName = GanKong;
			productReference = 52FD9315242DDA7A00287167 /* GanKong.app */;
			productType = "com.apple.product-type.application";
		};
/* End PBXNativeTarget section */

/* Begin PBXProject section */
		52FD930D242DDA7A00287167 /* Project object */ = {
			isa = PBXProject;
			attributes = {
				LastSwiftUpdateCheck = 1140;
				LastUpgradeCheck = 1140;
				ORGANIZATIONNAME = KuoKuo;
				TargetAttributes = {
					52FD9314242DDA7A00287167 = {
						CreatedOnToolsVersion = 11.4;
					};
				};
			};
			buildConfigurationList = 52FD9310242DDA7A00287167 /* Build configuration list for PBXProject "GanKong" */;
			compatibilityVersion = "Xcode 9.3";
			developmentRegion = en;
			hasScannedForEncodings = 0;
			knownRegions = (
				en,
				Base,
			);
			mainGroup = 52FD930C242DDA7A00287167;
			productRefGroup = 52FD9316242DDA7A00287167 /* Products */;
			projectDirPath = "";
			projectRoot = "";
			targets = (
				52FD9314242DDA7A00287167 /* GanKong */,
			);
		};
/* End PBXProject section */

/* Begin PBXResourcesBuildPhase section */
		52FD9313242DDA7A00287167 /* Resources */ = {
			isa = PBXResourcesBuildPhase;
			buildActionMask = 2147483647;
			files = (
				062AA68324485DF7005A2EBF /* Main.storyboard in Resources */,
				52FD9325242DDA7C00287167 /* LaunchScreen.storyboard in Resources */,
				528B309A2451C4160003D6D5 /* bear.gif in Resources */,
				52B306D8245B0DBA005B38C6 /* Untitled_Artwork.png in Resources */,
				52FD9322242DDA7C00287167 /* Assets.xcassets in Resources */,
			);
			runOnlyForDeploymentPostprocessing = 0;
		};
/* End PBXResourcesBuildPhase section */

/* Begin PBXShellScriptBuildPhase section */
		11E5ED45092EEC8C698752B6 /* [CP] Check Pods Manifest.lock */ = {
			isa = PBXShellScriptBuildPhase;
			buildActionMask = 2147483647;
			files = (
			);
			inputFileListPaths = (
			);
			inputPaths = (
				"${PODS_PODFILE_DIR_PATH}/Podfile.lock",
				"${PODS_ROOT}/Manifest.lock",
			);
			name = "[CP] Check Pods Manifest.lock";
			outputFileListPaths = (
			);
			outputPaths = (
				"$(DERIVED_FILE_DIR)/Pods-GanKong-checkManifestLockResult.txt",
			);
			runOnlyForDeploymentPostprocessing = 0;
			shellPath = /bin/sh;
			shellScript = "diff \"${PODS_PODFILE_DIR_PATH}/Podfile.lock\" \"${PODS_ROOT}/Manifest.lock\" > /dev/null\nif [ $? != 0 ] ; then\n    # print error to STDERR\n    echo \"error: The sandbox is not in sync with the Podfile.lock. Run 'pod install' or update your CocoaPods installation.\" >&2\n    exit 1\nfi\n# This output is used by Xcode 'outputs' to avoid re-running this script phase.\necho \"SUCCESS\" > \"${SCRIPT_OUTPUT_FILE_0}\"\n";
			showEnvVarsInLog = 0;
		};
		573F27256D8381750765DD12 /* [CP] Embed Pods Frameworks */ = {
			isa = PBXShellScriptBuildPhase;
			buildActionMask = 2147483647;
			files = (
			);
			inputFileListPaths = (
				"${PODS_ROOT}/Target Support Files/Pods-GanKong/Pods-GanKong-frameworks-${CONFIGURATION}-input-files.xcfilelist",
			);
			name = "[CP] Embed Pods Frameworks";
			outputFileListPaths = (
				"${PODS_ROOT}/Target Support Files/Pods-GanKong/Pods-GanKong-frameworks-${CONFIGURATION}-output-files.xcfilelist",
			);
			runOnlyForDeploymentPostprocessing = 0;
			shellPath = /bin/sh;
			shellScript = "\"${PODS_ROOT}/Target Support Files/Pods-GanKong/Pods-GanKong-frameworks.sh\"\n";
			showEnvVarsInLog = 0;
		};
		DFC7D117759098E62571EFA3 /* [CP] Copy Pods Resources */ = {
			isa = PBXShellScriptBuildPhase;
			buildActionMask = 2147483647;
			files = (
			);
			inputFileListPaths = (
				"${PODS_ROOT}/Target Support Files/Pods-GanKong/Pods-GanKong-resources-${CONFIGURATION}-input-files.xcfilelist",
			);
			name = "[CP] Copy Pods Resources";
			outputFileListPaths = (
				"${PODS_ROOT}/Target Support Files/Pods-GanKong/Pods-GanKong-resources-${CONFIGURATION}-output-files.xcfilelist",
			);
			runOnlyForDeploymentPostprocessing = 0;
			shellPath = /bin/sh;
			shellScript = "\"${PODS_ROOT}/Target Support Files/Pods-GanKong/Pods-GanKong-resources.sh\"\n";
			showEnvVarsInLog = 0;
		};
/* End PBXShellScriptBuildPhase section */

/* Begin PBXSourcesBuildPhase section */
		52FD9311242DDA7A00287167 /* Sources */ = {
			isa = PBXSourcesBuildPhase;
			buildActionMask = 2147483647;
			files = (
				5200A91F243C611800E1602F /* LoginViewController.swift in Sources */,
				52FD9339242DDD6800287167 /* BodyIndex.swift in Sources */,
				528B309C2451C50D0003D6D5 /* GIFController.swift in Sources */,
				52FD9333242DDBD700287167 /* EvaluationTableViewController.swift in Sources */,
				52FD933F242DDE2700287167 /* UserController.swift in Sources */,
				52FD9319242DDA7A00287167 /* AppDelegate.swift in Sources */,
				062FFEE92449532B0054A833 /* HelperController.swift in Sources */,
				52FD933D242DDDE200287167 /* HealthKitAuthorization.swift in Sources */,
				0613D7BD245191F100B5EB36 /* LoadController.swift in Sources */,
				52FD9335242DDC7200287167 /* EvaluationDetailViewController.swift in Sources */,
				062AA68524487883005A2EBF /* WaterPopoverViewController.swift in Sources */,
				52FD933B242DDD8A00287167 /* User.swift in Sources */,
				0646DE36246146B6008665C1 /* Location.swift in Sources */,
				52FD9341242DDE5700287167 /* NetworkController.swift in Sources */,
				0646DE34246142A4008665C1 /* FetchNearbyController.swift in Sources */,
				0613D7B9245010C800B5EB36 /* ExercisePopoverViewController.swift in Sources */,
				52FD9337242DDCC200287167 /* UserTableViewController.swift in Sources */,
				528B30A02451E0F90003D6D5 /* CheckAuthViewController.swift in Sources */,
				5200A921243C612D00E1602F /* RegisterViewController.swift in Sources */,
				52FD931B242DDA7A00287167 /* SceneDelegate.swift in Sources */,
				062AA67C24483A3F005A2EBF /* DrinkPopoverViewController.swift in Sources */,
				52FD9331242DDB4300287167 /* HomeViewController.swift in Sources */,
			);
			runOnlyForDeploymentPostprocessing = 0;
		};
/* End PBXSourcesBuildPhase section */

/* Begin PBXVariantGroup section */
		52FD9323242DDA7C00287167 /* LaunchScreen.storyboard */ = {
			isa = PBXVariantGroup;
			children = (
				52FD9324242DDA7C00287167 /* Base */,
			);
			name = LaunchScreen.storyboard;
			sourceTree = "<group>";
		};
/* End PBXVariantGroup section */

/* Begin XCBuildConfiguration section */
		52FD9327242DDA7C00287167 /* Debug */ = {
			isa = XCBuildConfiguration;
			buildSettings = {
				ALWAYS_SEARCH_USER_PATHS = NO;
				CLANG_ANALYZER_NONNULL = YES;
				CLANG_ANALYZER_NUMBER_OBJECT_CONVERSION = YES_AGGRESSIVE;
				CLANG_CXX_LANGUAGE_STANDARD = "gnu++14";
				CLANG_CXX_LIBRARY = "libc++";
				CLANG_ENABLE_MODULES = YES;
				CLANG_ENABLE_OBJC_ARC = YES;
				CLANG_ENABLE_OBJC_WEAK = YES;
				CLANG_WARN_BLOCK_CAPTURE_AUTORELEASING = YES;
				CLANG_WARN_BOOL_CONVERSION = YES;
				CLANG_WARN_COMMA = YES;
				CLANG_WARN_CONSTANT_CONVERSION = YES;
				CLANG_WARN_DEPRECATED_OBJC_IMPLEMENTATIONS = YES;
				CLANG_WARN_DIRECT_OBJC_ISA_USAGE = YES_ERROR;
				CLANG_WARN_DOCUMENTATION_COMMENTS = YES;
				CLANG_WARN_EMPTY_BODY = YES;
				CLANG_WARN_ENUM_CONVERSION = YES;
				CLANG_WARN_INFINITE_RECURSION = YES;
				CLANG_WARN_INT_CONVERSION = YES;
				CLANG_WARN_NON_LITERAL_NULL_CONVERSION = YES;
				CLANG_WARN_OBJC_IMPLICIT_RETAIN_SELF = YES;
				CLANG_WARN_OBJC_LITERAL_CONVERSION = YES;
				CLANG_WARN_OBJC_ROOT_CLASS = YES_ERROR;
				CLANG_WARN_RANGE_LOOP_ANALYSIS = YES;
				CLANG_WARN_STRICT_PROTOTYPES = YES;
				CLANG_WARN_SUSPICIOUS_MOVE = YES;
				CLANG_WARN_UNGUARDED_AVAILABILITY = YES_AGGRESSIVE;
				CLANG_WARN_UNREACHABLE_CODE = YES;
				CLANG_WARN__DUPLICATE_METHOD_MATCH = YES;
				COPY_PHASE_STRIP = NO;
				DEBUG_INFORMATION_FORMAT = dwarf;
				ENABLE_STRICT_OBJC_MSGSEND = YES;
				ENABLE_TESTABILITY = YES;
				GCC_C_LANGUAGE_STANDARD = gnu11;
				GCC_DYNAMIC_NO_PIC = NO;
				GCC_NO_COMMON_BLOCKS = YES;
				GCC_OPTIMIZATION_LEVEL = 0;
				GCC_PREPROCESSOR_DEFINITIONS = (
					"DEBUG=1",
					"$(inherited)",
				);
				GCC_WARN_64_TO_32_BIT_CONVERSION = YES;
				GCC_WARN_ABOUT_RETURN_TYPE = YES_ERROR;
				GCC_WARN_UNDECLARED_SELECTOR = YES;
				GCC_WARN_UNINITIALIZED_AUTOS = YES_AGGRESSIVE;
				GCC_WARN_UNUSED_FUNCTION = YES;
				GCC_WARN_UNUSED_VARIABLE = YES;
				IPHONEOS_DEPLOYMENT_TARGET = 13.4;
				MTL_ENABLE_DEBUG_INFO = INCLUDE_SOURCE;
				MTL_FAST_MATH = YES;
				ONLY_ACTIVE_ARCH = YES;
				SDKROOT = iphoneos;
				SWIFT_ACTIVE_COMPILATION_CONDITIONS = DEBUG;
				SWIFT_OPTIMIZATION_LEVEL = "-Onone";
			};
			name = Debug;
		};
		52FD9328242DDA7C00287167 /* Release */ = {
			isa = XCBuildConfiguration;
			buildSettings = {
				ALWAYS_SEARCH_USER_PATHS = NO;
				CLANG_ANALYZER_NONNULL = YES;
				CLANG_ANALYZER_NUMBER_OBJECT_CONVERSION = YES_AGGRESSIVE;
				CLANG_CXX_LANGUAGE_STANDARD = "gnu++14";
				CLANG_CXX_LIBRARY = "libc++";
				CLANG_ENABLE_MODULES = YES;
				CLANG_ENABLE_OBJC_ARC = YES;
				CLANG_ENABLE_OBJC_WEAK = YES;
				CLANG_WARN_BLOCK_CAPTURE_AUTORELEASING = YES;
				CLANG_WARN_BOOL_CONVERSION = YES;
				CLANG_WARN_COMMA = YES;
				CLANG_WARN_CONSTANT_CONVERSION = YES;
				CLANG_WARN_DEPRECATED_OBJC_IMPLEMENTATIONS = YES;
				CLANG_WARN_DIRECT_OBJC_ISA_USAGE = YES_ERROR;
				CLANG_WARN_DOCUMENTATION_COMMENTS = YES;
				CLANG_WARN_EMPTY_BODY = YES;
				CLANG_WARN_ENUM_CONVERSION = YES;
				CLANG_WARN_INFINITE_RECURSION = YES;
				CLANG_WARN_INT_CONVERSION = YES;
				CLANG_WARN_NON_LITERAL_NULL_CONVERSION = YES;
				CLANG_WARN_OBJC_IMPLICIT_RETAIN_SELF = YES;
				CLANG_WARN_OBJC_LITERAL_CONVERSION = YES;
				CLANG_WARN_OBJC_ROOT_CLASS = YES_ERROR;
				CLANG_WARN_RANGE_LOOP_ANALYSIS = YES;
				CLANG_WARN_STRICT_PROTOTYPES = YES;
				CLANG_WARN_SUSPICIOUS_MOVE = YES;
				CLANG_WARN_UNGUARDED_AVAILABILITY = YES_AGGRESSIVE;
				CLANG_WARN_UNREACHABLE_CODE = YES;
				CLANG_WARN__DUPLICATE_METHOD_MATCH = YES;
				COPY_PHASE_STRIP = NO;
				DEBUG_INFORMATION_FORMAT = "dwarf-with-dsym";
				ENABLE_NS_ASSERTIONS = NO;
				ENABLE_STRICT_OBJC_MSGSEND = YES;
				GCC_C_LANGUAGE_STANDARD = gnu11;
				GCC_NO_COMMON_BLOCKS = YES;
				GCC_WARN_64_TO_32_BIT_CONVERSION = YES;
				GCC_WARN_ABOUT_RETURN_TYPE = YES_ERROR;
				GCC_WARN_UNDECLARED_SELECTOR = YES;
				GCC_WARN_UNINITIALIZED_AUTOS = YES_AGGRESSIVE;
				GCC_WARN_UNUSED_FUNCTION = YES;
				GCC_WARN_UNUSED_VARIABLE = YES;
				IPHONEOS_DEPLOYMENT_TARGET = 13.4;
				MTL_ENABLE_DEBUG_INFO = NO;
				MTL_FAST_MATH = YES;
				SDKROOT = iphoneos;
				SWIFT_COMPILATION_MODE = wholemodule;
				SWIFT_OPTIMIZATION_LEVEL = "-O";
				VALIDATE_PRODUCT = YES;
			};
			name = Release;
		};
		52FD932A242DDA7C00287167 /* Debug */ = {
			isa = XCBuildConfiguration;
			baseConfigurationReference = 76B4B8DA607E26A17CAFD86A /* Pods-GanKong.debug.xcconfig */;
			buildSettings = {
				ASSETCATALOG_COMPILER_APPICON_NAME = AppIcon;
				CODE_SIGN_ENTITLEMENTS = GanKong/GanKong.entitlements;
				CODE_SIGN_STYLE = Automatic;
				DEVELOPMENT_TEAM = 3V3C6FR955;
				INFOPLIST_FILE = GanKong/Info.plist;
				IPHONEOS_DEPLOYMENT_TARGET = 13.1;
				LD_RUNPATH_SEARCH_PATHS = (
					"$(inherited)",
					"@executable_path/Frameworks",
				);
				PRODUCT_BUNDLE_IDENTIFIER = com.kuokuo.GanKong;
				PRODUCT_NAME = "$(TARGET_NAME)";
				SWIFT_VERSION = 5.0;
				TARGETED_DEVICE_FAMILY = "1,2";
			};
			name = Debug;
		};
		52FD932B242DDA7C00287167 /* Release */ = {
			isa = XCBuildConfiguration;
			baseConfigurationReference = CA233266746E99E3FADCC7B8 /* Pods-GanKong.release.xcconfig */;
			buildSettings = {
				ASSETCATALOG_COMPILER_APPICON_NAME = AppIcon;
				CODE_SIGN_ENTITLEMENTS = GanKong/GanKong.entitlements;
				CODE_SIGN_STYLE = Automatic;
				DEVELOPMENT_TEAM = 3V3C6FR955;
				INFOPLIST_FILE = GanKong/Info.plist;
				IPHONEOS_DEPLOYMENT_TARGET = 13.1;
				LD_RUNPATH_SEARCH_PATHS = (
					"$(inherited)",
					"@executable_path/Frameworks",
				);
				PRODUCT_BUNDLE_IDENTIFIER = com.kuokuo.GanKong;
				PRODUCT_NAME = "$(TARGET_NAME)";
				SWIFT_VERSION = 5.0;
				TARGETED_DEVICE_FAMILY = "1,2";
			};
			name = Release;
		};
/* End XCBuildConfiguration section */

/* Begin XCConfigurationList section */
		52FD9310242DDA7A00287167 /* Build configuration list for PBXProject "GanKong" */ = {
			isa = XCConfigurationList;
			buildConfigurations = (
				52FD9327242DDA7C00287167 /* Debug */,
				52FD9328242DDA7C00287167 /* Release */,
			);
			defaultConfigurationIsVisible = 0;
			defaultConfigurationName = Release;
		};
		52FD9329242DDA7C00287167 /* Build configuration list for PBXNativeTarget "GanKong" */ = {
			isa = XCConfigurationList;
			buildConfigurations = (
				52FD932A242DDA7C00287167 /* Debug */,
				52FD932B242DDA7C00287167 /* Release */,
			);
			defaultConfigurationIsVisible = 0;
			defaultConfigurationName = Release;
		};
/* End XCConfigurationList section */
	};
	rootObject = 52FD930D242DDA7A00287167 /* Project object */;
}
